// !$*UTF8*$!
{
	archiveVersion = 1;
	classes = {
	};
	objectVersion = 46;
	objects = {

/* Begin PBXBuildFile section */
		59204BAE1AF240FD0073E266 /* User.m in Sources */ = {isa = PBXBuildFile; fileRef = 59204B9F1AF240FD0073E266 /* User.m */; };
		59204BAF1AF240FD0073E266 /* UserCategory.m in Sources */ = {isa = PBXBuildFile; fileRef = 59204BA11AF240FD0073E266 /* UserCategory.m */; };
		59204BB01AF240FD0073E266 /* Book.m in Sources */ = {isa = PBXBuildFile; fileRef = 59204BA31AF240FD0073E266 /* Book.m */; };
		59204BB11AF240FD0073E266 /* SellCategory.m in Sources */ = {isa = PBXBuildFile; fileRef = 59204BA51AF240FD0073E266 /* SellCategory.m */; };
		59204BB21AF240FD0073E266 /* PurchaseCategory.m in Sources */ = {isa = PBXBuildFile; fileRef = 59204BA71AF240FD0073E266 /* PurchaseCategory.m */; };
		59204BB31AF240FD0073E266 /* Request.m in Sources */ = {isa = PBXBuildFile; fileRef = 59204BA91AF240FD0073E266 /* Request.m */; };
		59204BB41AF240FD0073E266 /* SendRequestCategory.m in Sources */ = {isa = PBXBuildFile; fileRef = 59204BAB1AF240FD0073E266 /* SendRequestCategory.m */; };
		59204BB51AF240FD0073E266 /* ReceiveRequestCategory.m in Sources */ = {isa = PBXBuildFile; fileRef = 59204BAD1AF240FD0073E266 /* ReceiveRequestCategory.m */; };
		59204BB91AF24AC70073E266 /* LoginViewController.m in Sources */ = {isa = PBXBuildFile; fileRef = 59204BB81AF24AC70073E266 /* LoginViewController.m */; };
		59204BBC1AF250140073E266 /* SignupViewController.m in Sources */ = {isa = PBXBuildFile; fileRef = 59204BBB1AF250140073E266 /* SignupViewController.m */; };
		59204BBF1AF2E1AB0073E266 /* mainViewController.m in Sources */ = {isa = PBXBuildFile; fileRef = 59204BBE1AF2E1AB0073E266 /* mainViewController.m */; };
		59204BC21AF2F0EF0073E266 /* PurchaseTableViewController.m in Sources */ = {isa = PBXBuildFile; fileRef = 59204BC11AF2F0EF0073E266 /* PurchaseTableViewController.m */; };
		59204BC51AF327C10073E266 /* SellViewController.m in Sources */ = {isa = PBXBuildFile; fileRef = 59204BC41AF327C10073E266 /* SellViewController.m */; };
		59204BC81AF35B4D0073E266 /* RequestTableViewController.m in Sources */ = {isa = PBXBuildFile; fileRef = 59204BC71AF35B4D0073E266 /* RequestTableViewController.m */; };
		59204BCB1AF35B630073E266 /* MeTableViewController.m in Sources */ = {isa = PBXBuildFile; fileRef = 59204BCA1AF35B630073E266 /* MeTableViewController.m */; };
		59204BCE1AF3623D0073E266 /* PicViewController.m in Sources */ = {isa = PBXBuildFile; fileRef = 59204BCD1AF3623D0073E266 /* PicViewController.m */; };
		5929DD801AF458C9004EBD51 /* purchaseHistoryTableViewController.m in Sources */ = {isa = PBXBuildFile; fileRef = 5929DD7F1AF458C9004EBD51 /* purchaseHistoryTableViewController.m */; };
		5929DD831AF458E2004EBD51 /* sellHistoryTableViewController.m in Sources */ = {isa = PBXBuildFile; fileRef = 5929DD821AF458E2004EBD51 /* sellHistoryTableViewController.m */; };
		5929DD861AF462FF004EBD51 /* PurchaseDetailTableViewController.m in Sources */ = {isa = PBXBuildFile; fileRef = 5929DD851AF462FF004EBD51 /* PurchaseDetailTableViewController.m */; };
		5929DD891AF473B3004EBD51 /* SellDetailTableViewController.m in Sources */ = {isa = PBXBuildFile; fileRef = 5929DD881AF473B3004EBD51 /* SellDetailTableViewController.m */; };
		5934911E1AF41C8E00FE5F55 /* RequestListViewController.m in Sources */ = {isa = PBXBuildFile; fileRef = 5934911D1AF41C8E00FE5F55 /* RequestListViewController.m */; };
		5943DD6E1AF3B69C003F9E33 /* BookTableViewController.m in Sources */ = {isa = PBXBuildFile; fileRef = 5943DD6D1AF3B69C003F9E33 /* BookTableViewController.m */; };
		5943DD711AF3B820003F9E33 /* SellerTableViewController.m in Sources */ = {isa = PBXBuildFile; fileRef = 5943DD701AF3B820003F9E33 /* SellerTableViewController.m */; };
		5980AE081AF432CC0005176B /* ViewSendController.m in Sources */ = {isa = PBXBuildFile; fileRef = 5980AE071AF432CC0005176B /* ViewSendController.m */; };
		5980AE0B1AF434E40005176B /* ViewReceiveController.m in Sources */ = {isa = PBXBuildFile; fileRef = 5980AE0A1AF434E40005176B /* ViewReceiveController.m */; };
		5997472C1AF42BD500AD9A0A /* ReceiveRequestViewController.m in Sources */ = {isa = PBXBuildFile; fileRef = 5997472B1AF42BD500AD9A0A /* ReceiveRequestViewController.m */; };
		59CE9F1B1AE055D90028E6AB /* Foundation.framework in Frameworks */ = {isa = PBXBuildFile; fileRef = 59CE9F1A1AE055D90028E6AB /* Foundation.framework */; };
		59CE9F1D1AE055D90028E6AB /* CoreGraphics.framework in Frameworks */ = {isa = PBXBuildFile; fileRef = 59CE9F1C1AE055D90028E6AB /* CoreGraphics.framework */; };
		59CE9F1F1AE055D90028E6AB /* UIKit.framework in Frameworks */ = {isa = PBXBuildFile; fileRef = 59CE9F1E1AE055D90028E6AB /* UIKit.framework */; };
		59CE9F251AE055D90028E6AB /* InfoPlist.strings in Resources */ = {isa = PBXBuildFile; fileRef = 59CE9F231AE055D90028E6AB /* InfoPlist.strings */; };
		59CE9F271AE055D90028E6AB /* main.m in Sources */ = {isa = PBXBuildFile; fileRef = 59CE9F261AE055D90028E6AB /* main.m */; };
		59CE9F2B1AE055D90028E6AB /* AppDelegate.m in Sources */ = {isa = PBXBuildFile; fileRef = 59CE9F2A1AE055D90028E6AB /* AppDelegate.m */; };
		59CE9F2E1AE055D90028E6AB /* Main.storyboard in Resources */ = {isa = PBXBuildFile; fileRef = 59CE9F2C1AE055D90028E6AB /* Main.storyboard */; };
		59CE9F361AE055D90028E6AB /* Images.xcassets in Resources */ = {isa = PBXBuildFile; fileRef = 59CE9F351AE055D90028E6AB /* Images.xcassets */; };
		59CE9F3D1AE055D90028E6AB /* XCTest.framework in Frameworks */ = {isa = PBXBuildFile; fileRef = 59CE9F3C1AE055D90028E6AB /* XCTest.framework */; };
		59CE9F3E1AE055D90028E6AB /* Foundation.framework in Frameworks */ = {isa = PBXBuildFile; fileRef = 59CE9F1A1AE055D90028E6AB /* Foundation.framework */; };
		59CE9F3F1AE055D90028E6AB /* UIKit.framework in Frameworks */ = {isa = PBXBuildFile; fileRef = 59CE9F1E1AE055D90028E6AB /* UIKit.framework */; };
		59CE9F471AE055D90028E6AB /* InfoPlist.strings in Resources */ = {isa = PBXBuildFile; fileRef = 59CE9F451AE055D90028E6AB /* InfoPlist.strings */; };
		59CE9F491AE055D90028E6AB /* FinalProject_Jinmeng_ZhuTests.m in Sources */ = {isa = PBXBuildFile; fileRef = 59CE9F481AE055D90028E6AB /* FinalProject_Jinmeng_ZhuTests.m */; };
/* End PBXBuildFile section */

/* Begin PBXContainerItemProxy section */
		59CE9F401AE055D90028E6AB /* PBXContainerItemProxy */ = {
			isa = PBXContainerItemProxy;
			containerPortal = 59CE9F0F1AE055D80028E6AB /* Project object */;
			proxyType = 1;
			remoteGlobalIDString = 59CE9F161AE055D90028E6AB;
			remoteInfo = FinalProject_Jinmeng_Zhu;
		};
/* End PBXContainerItemProxy section */

/* Begin PBXFileReference section */
		59204B9E1AF240FD0073E266 /* User.h */ = {isa = PBXFileReference; fileEncoding = 4; lastKnownFileType = sourcecode.c.h; path = User.h; sourceTree = "<group>"; };
		59204B9F1AF240FD0073E266 /* User.m */ = {isa = PBXFileReference; fileEncoding = 4; lastKnownFileType = sourcecode.c.objc; path = User.m; sourceTree = "<group>"; };
		59204BA01AF240FD0073E266 /* UserCategory.h */ = {isa = PBXFileReference; fileEncoding = 4; lastKnownFileType = sourcecode.c.h; path = UserCategory.h; sourceTree = "<group>"; };
		59204BA11AF240FD0073E266 /* UserCategory.m */ = {isa = PBXFileReference; fileEncoding = 4; lastKnownFileType = sourcecode.c.objc; path = UserCategory.m; sourceTree = "<group>"; };
		59204BA21AF240FD0073E266 /* Book.h */ = {isa = PBXFileReference; fileEncoding = 4; lastKnownFileType = sourcecode.c.h; path = Book.h; sourceTree = "<group>"; };
		59204BA31AF240FD0073E266 /* Book.m */ = {isa = PBXFileReference; fileEncoding = 4; lastKnownFileType = sourcecode.c.objc; path = Book.m; sourceTree = "<group>"; };
		59204BA41AF240FD0073E266 /* SellCategory.h */ = {isa = PBXFileReference; fileEncoding = 4; lastKnownFileType = sourcecode.c.h; path = SellCategory.h; sourceTree = "<group>"; };
		59204BA51AF240FD0073E266 /* SellCategory.m */ = {isa = PBXFileReference; fileEncoding = 4; lastKnownFileType = sourcecode.c.objc; path = SellCategory.m; sourceTree = "<group>"; };
		59204BA61AF240FD0073E266 /* PurchaseCategory.h */ = {isa = PBXFileReference; fileEncoding = 4; lastKnownFileType = sourcecode.c.h; path = PurchaseCategory.h; sourceTree = "<group>"; };
		59204BA71AF240FD0073E266 /* PurchaseCategory.m */ = {isa = PBXFileReference; fileEncoding = 4; lastKnownFileType = sourcecode.c.objc; path = PurchaseCategory.m; sourceTree = "<group>"; };
		59204BA81AF240FD0073E266 /* Request.h */ = {isa = PBXFileReference; fileEncoding = 4; lastKnownFileType = sourcecode.c.h; path = Request.h; sourceTree = "<group>"; };
		59204BA91AF240FD0073E266 /* Request.m */ = {isa = PBXFileReference; fileEncoding = 4; lastKnownFileType = sourcecode.c.objc; path = Request.m; sourceTree = "<group>"; };
		59204BAA1AF240FD0073E266 /* SendRequestCategory.h */ = {isa = PBXFileReference; fileEncoding = 4; lastKnownFileType = sourcecode.c.h; path = SendRequestCategory.h; sourceTree = "<group>"; };
		59204BAB1AF240FD0073E266 /* SendRequestCategory.m */ = {isa = PBXFileReference; fileEncoding = 4; lastKnownFileType = sourcecode.c.objc; path = SendRequestCategory.m; sourceTree = "<group>"; };
		59204BAC1AF240FD0073E266 /* ReceiveRequestCategory.h */ = {isa = PBXFileReference; fileEncoding = 4; lastKnownFileType = sourcecode.c.h; path = ReceiveRequestCategory.h; sourceTree = "<group>"; };
		59204BAD1AF240FD0073E266 /* ReceiveRequestCategory.m */ = {isa = PBXFileReference; fileEncoding = 4; lastKnownFileType = sourcecode.c.objc; path = ReceiveRequestCategory.m; sourceTree = "<group>"; };
		59204BB71AF24AC70073E266 /* LoginViewController.h */ = {isa = PBXFileReference; fileEncoding = 4; lastKnownFileType = sourcecode.c.h; path = LoginViewController.h; sourceTree = "<group>"; };
		59204BB81AF24AC70073E266 /* LoginViewController.m */ = {isa = PBXFileReference; fileEncoding = 4; lastKnownFileType = sourcecode.c.objc; path = LoginViewController.m; sourceTree = "<group>"; };
		59204BBA1AF250140073E266 /* SignupViewController.h */ = {isa = PBXFileReference; fileEncoding = 4; lastKnownFileType = sourcecode.c.h; path = SignupViewController.h; sourceTree = "<group>"; };
		59204BBB1AF250140073E266 /* SignupViewController.m */ = {isa = PBXFileReference; fileEncoding = 4; lastKnownFileType = sourcecode.c.objc; path = SignupViewController.m; sourceTree = "<group>"; };
		59204BBD1AF2E1AB0073E266 /* mainViewController.h */ = {isa = PBXFileReference; fileEncoding = 4; lastKnownFileType = sourcecode.c.h; path = mainViewController.h; sourceTree = "<group>"; };
		59204BBE1AF2E1AB0073E266 /* mainViewController.m */ = {isa = PBXFileReference; fileEncoding = 4; lastKnownFileType = sourcecode.c.objc; path = mainViewController.m; sourceTree = "<group>"; };
		59204BC01AF2F0EF0073E266 /* PurchaseTableViewController.h */ = {isa = PBXFileReference; fileEncoding = 4; lastKnownFileType = sourcecode.c.h; path = PurchaseTableViewController.h; sourceTree = "<group>"; };
		59204BC11AF2F0EF0073E266 /* PurchaseTableViewController.m */ = {isa = PBXFileReference; fileEncoding = 4; lastKnownFileType = sourcecode.c.objc; path = PurchaseTableViewController.m; sourceTree = "<group>"; };
		59204BC31AF327C10073E266 /* SellViewController.h */ = {isa = PBXFileReference; fileEncoding = 4; lastKnownFileType = sourcecode.c.h; path = SellViewController.h; sourceTree = "<group>"; };
		59204BC41AF327C10073E266 /* SellViewController.m */ = {isa = PBXFileReference; fileEncoding = 4; lastKnownFileType = sourcecode.c.objc; path = SellViewController.m; sourceTree = "<group>"; };
		59204BC61AF35B4D0073E266 /* RequestTableViewController.h */ = {isa = PBXFileReference; fileEncoding = 4; lastKnownFileType = sourcecode.c.h; path = RequestTableViewController.h; sourceTree = "<group>"; };
		59204BC71AF35B4D0073E266 /* RequestTableViewController.m */ = {isa = PBXFileReference; fileEncoding = 4; lastKnownFileType = sourcecode.c.objc; path = RequestTableViewController.m; sourceTree = "<group>"; };
		59204BC91AF35B630073E266 /* MeTableViewController.h */ = {isa = PBXFileReference; fileEncoding = 4; lastKnownFileType = sourcecode.c.h; path = MeTableViewController.h; sourceTree = "<group>"; };
		59204BCA1AF35B630073E266 /* MeTableViewController.m */ = {isa = PBXFileReference; fileEncoding = 4; lastKnownFileType = sourcecode.c.objc; path = MeTableViewController.m; sourceTree = "<group>"; };
		59204BCC1AF3623D0073E266 /* PicViewController.h */ = {isa = PBXFileReference; fileEncoding = 4; lastKnownFileType = sourcecode.c.h; path = PicViewController.h; sourceTree = "<group>"; };
		59204BCD1AF3623D0073E266 /* PicViewController.m */ = {isa = PBXFileReference; fileEncoding = 4; lastKnownFileType = sourcecode.c.objc; path = PicViewController.m; sourceTree = "<group>"; };
		5929DD7E1AF458C9004EBD51 /* purchaseHistoryTableViewController.h */ = {isa = PBXFileReference; fileEncoding = 4; lastKnownFileType = sourcecode.c.h; path = purchaseHistoryTableViewController.h; sourceTree = "<group>"; };
		5929DD7F1AF458C9004EBD51 /* purchaseHistoryTableViewController.m */ = {isa = PBXFileReference; fileEncoding = 4; lastKnownFileType = sourcecode.c.objc; path = purchaseHistoryTableViewController.m; sourceTree = "<group>"; };
		5929DD811AF458E2004EBD51 /* sellHistoryTableViewController.h */ = {isa = PBXFileReference; fileEncoding = 4; lastKnownFileType = sourcecode.c.h; path = sellHistoryTableViewController.h; sourceTree = "<group>"; };
		5929DD821AF458E2004EBD51 /* sellHistoryTableViewController.m */ = {isa = PBXFileReference; fileEncoding = 4; lastKnownFileType = sourcecode.c.objc; path = sellHistoryTableViewController.m; sourceTree = "<group>"; };
		5929DD841AF462FF004EBD51 /* PurchaseDetailTableViewController.h */ = {isa = PBXFileReference; fileEncoding = 4; lastKnownFileType = sourcecode.c.h; path = PurchaseDetailTableViewController.h; sourceTree = "<group>"; };
		5929DD851AF462FF004EBD51 /* PurchaseDetailTableViewController.m */ = {isa = PBXFileReference; fileEncoding = 4; lastKnownFileType = sourcecode.c.objc; path = PurchaseDetailTableViewController.m; sourceTree = "<group>"; };
		5929DD871AF473B3004EBD51 /* SellDetailTableViewController.h */ = {isa = PBXFileReference; fileEncoding = 4; lastKnownFileType = sourcecode.c.h; path = SellDetailTableViewController.h; sourceTree = "<group>"; };
		5929DD881AF473B3004EBD51 /* SellDetailTableViewController.m */ = {isa = PBXFileReference; fileEncoding = 4; lastKnownFileType = sourcecode.c.objc; path = SellDetailTableViewController.m; sourceTree = "<group>"; };
		5934911C1AF41C8E00FE5F55 /* RequestListViewController.h */ = {isa = PBXFileReference; fileEncoding = 4; lastKnownFileType = sourcecode.c.h; path = RequestListViewController.h; sourceTree = "<group>"; };
		5934911D1AF41C8E00FE5F55 /* RequestListViewController.m */ = {isa = PBXFileReference; fileEncoding = 4; lastKnownFileType = sourcecode.c.objc; path = RequestListViewController.m; sourceTree = "<group>"; };
		5943DD6C1AF3B69C003F9E33 /* BookTableViewController.h */ = {isa = PBXFileReference; fileEncoding = 4; lastKnownFileType = sourcecode.c.h; path = BookTableViewController.h; sourceTree = "<group>"; };
		5943DD6D1AF3B69C003F9E33 /* BookTableViewController.m */ = {isa = PBXFileReference; fileEncoding = 4; lastKnownFileType = sourcecode.c.objc; path = BookTableViewController.m; sourceTree = "<group>"; };
		5943DD6F1AF3B820003F9E33 /* SellerTableViewController.h */ = {isa = PBXFileReference; fileEncoding = 4; lastKnownFileType = sourcecode.c.h; path = SellerTableViewController.h; sourceTree = "<group>"; };
		5943DD701AF3B820003F9E33 /* SellerTableViewController.m */ = {isa = PBXFileReference; fileEncoding = 4; lastKnownFileType = sourcecode.c.objc; path = SellerTableViewController.m; sourceTree = "<group>"; };
		5980AE061AF432CC0005176B /* ViewSendController.h */ = {isa = PBXFileReference; fileEncoding = 4; lastKnownFileType = sourcecode.c.h; path = ViewSendController.h; sourceTree = "<group>"; };
		5980AE071AF432CC0005176B /* ViewSendController.m */ = {isa = PBXFileReference; fileEncoding = 4; lastKnownFileType = sourcecode.c.objc; path = ViewSendController.m; sourceTree = "<group>"; };
		5980AE091AF434E40005176B /* ViewReceiveController.h */ = {isa = PBXFileReference; fileEncoding = 4; lastKnownFileType = sourcecode.c.h; path = ViewReceiveController.h; sourceTree = "<group>"; };
		5980AE0A1AF434E40005176B /* ViewReceiveController.m */ = {isa = PBXFileReference; fileEncoding = 4; lastKnownFileType = sourcecode.c.objc; path = ViewReceiveController.m; sourceTree = "<group>"; };
		5997472A1AF42BD500AD9A0A /* ReceiveRequestViewController.h */ = {isa = PBXFileReference; fileEncoding = 4; lastKnownFileType = sourcecode.c.h; path = ReceiveRequestViewController.h; sourceTree = "<group>"; };
		5997472B1AF42BD500AD9A0A /* ReceiveRequestViewController.m */ = {isa = PBXFileReference; fileEncoding = 4; lastKnownFileType = sourcecode.c.objc; path = ReceiveRequestViewController.m; sourceTree = "<group>"; };
		59CE9F171AE055D90028E6AB /* FinalProject_Jinmeng_Zhu.app */ = {isa = PBXFileReference; explicitFileType = wrapper.application; includeInIndex = 0; path = FinalProject_Jinmeng_Zhu.app; sourceTree = BUILT_PRODUCTS_DIR; };
		59CE9F1A1AE055D90028E6AB /* Foundation.framework */ = {isa = PBXFileReference; lastKnownFileType = wrapper.framework; name = Foundation.framework; path = System/Library/Frameworks/Foundation.framework; sourceTree = SDKROOT; };
		59CE9F1C1AE055D90028E6AB /* CoreGraphics.framework */ = {isa = PBXFileReference; lastKnownFileType = wrapper.framework; name = CoreGraphics.framework; path = System/Library/Frameworks/CoreGraphics.framework; sourceTree = SDKROOT; };
		59CE9F1E1AE055D90028E6AB /* UIKit.framework */ = {isa = PBXFileReference; lastKnownFileType = wrapper.framework; name = UIKit.framework; path = System/Library/Frameworks/UIKit.framework; sourceTree = SDKROOT; };
		59CE9F221AE055D90028E6AB /* FinalProject_Jinmeng_Zhu-Info.plist */ = {isa = PBXFileReference; lastKnownFileType = text.plist.xml; path = "FinalProject_Jinmeng_Zhu-Info.plist"; sourceTree = "<group>"; };
		59CE9F241AE055D90028E6AB /* en */ = {isa = PBXFileReference; lastKnownFileType = text.plist.strings; name = en; path = en.lproj/InfoPlist.strings; sourceTree = "<group>"; };
		59CE9F261AE055D90028E6AB /* main.m */ = {isa = PBXFileReference; lastKnownFileType = sourcecode.c.objc; path = main.m; sourceTree = "<group>"; };
		59CE9F281AE055D90028E6AB /* FinalProject_Jinmeng_Zhu-Prefix.pch */ = {isa = PBXFileReference; lastKnownFileType = sourcecode.c.h; path = "FinalProject_Jinmeng_Zhu-Prefix.pch"; sourceTree = "<group>"; };
		59CE9F291AE055D90028E6AB /* AppDelegate.h */ = {isa = PBXFileReference; lastKnownFileType = sourcecode.c.h; path = AppDelegate.h; sourceTree = "<group>"; };
		59CE9F2A1AE055D90028E6AB /* AppDelegate.m */ = {isa = PBXFileReference; lastKnownFileType = sourcecode.c.objc; path = AppDelegate.m; sourceTree = "<group>"; };
		59CE9F2D1AE055D90028E6AB /* Base */ = {isa = PBXFileReference; lastKnownFileType = file.storyboard; name = Base; path = Base.lproj/Main.storyboard; sourceTree = "<group>"; };
		59CE9F351AE055D90028E6AB /* Images.xcassets */ = {isa = PBXFileReference; lastKnownFileType = folder.assetcatalog; path = Images.xcassets; sourceTree = "<group>"; };
		59CE9F3B1AE055D90028E6AB /* FinalProject_Jinmeng_ZhuTests.xctest */ = {isa = PBXFileReference; explicitFileType = wrapper.cfbundle; includeInIndex = 0; path = FinalProject_Jinmeng_ZhuTests.xctest; sourceTree = BUILT_PRODUCTS_DIR; };
		59CE9F3C1AE055D90028E6AB /* XCTest.framework */ = {isa = PBXFileReference; lastKnownFileType = wrapper.framework; name = XCTest.framework; path = Library/Frameworks/XCTest.framework; sourceTree = DEVELOPER_DIR; };
		59CE9F441AE055D90028E6AB /* FinalProject_Jinmeng_ZhuTests-Info.plist */ = {isa = PBXFileReference; lastKnownFileType = text.plist.xml; path = "FinalProject_Jinmeng_ZhuTests-Info.plist"; sourceTree = "<group>"; };
		59CE9F461AE055D90028E6AB /* en */ = {isa = PBXFileReference; lastKnownFileType = text.plist.strings; name = en; path = en.lproj/InfoPlist.strings; sourceTree = "<group>"; };
		59CE9F481AE055D90028E6AB /* FinalProject_Jinmeng_ZhuTests.m */ = {isa = PBXFileReference; lastKnownFileType = sourcecode.c.objc; path = FinalProject_Jinmeng_ZhuTests.m; sourceTree = "<group>"; };
/* End PBXFileReference section */

/* Begin PBXFrameworksBuildPhase section */
		59CE9F141AE055D90028E6AB /* Frameworks */ = {
			isa = PBXFrameworksBuildPhase;
			buildActionMask = 2147483647;
			files = (
				59CE9F1D1AE055D90028E6AB /* CoreGraphics.framework in Frameworks */,
				59CE9F1F1AE055D90028E6AB /* UIKit.framework in Frameworks */,
				59CE9F1B1AE055D90028E6AB /* Foundation.framework in Frameworks */,
			);
			runOnlyForDeploymentPostprocessing = 0;
		};
		59CE9F381AE055D90028E6AB /* Frameworks */ = {
			isa = PBXFrameworksBuildPhase;
			buildActionMask = 2147483647;
			files = (
				59CE9F3D1AE055D90028E6AB /* XCTest.framework in Frameworks */,
				59CE9F3F1AE055D90028E6AB /* UIKit.framework in Frameworks */,
				59CE9F3E1AE055D90028E6AB /* Foundation.framework in Frameworks */,
			);
			runOnlyForDeploymentPostprocessing = 0;
		};
/* End PBXFrameworksBuildPhase section */

/* Begin PBXGroup section */
		59204B9D1AF240C00073E266 /* Model */ = {
			isa = PBXGroup;
			children = (
				59204B9E1AF240FD0073E266 /* User.h */,
				59204B9F1AF240FD0073E266 /* User.m */,
				59204BA01AF240FD0073E266 /* UserCategory.h */,
				59204BA11AF240FD0073E266 /* UserCategory.m */,
				59204BA21AF240FD0073E266 /* Book.h */,
				59204BA31AF240FD0073E266 /* Book.m */,
				59204BA41AF240FD0073E266 /* SellCategory.h */,
				59204BA51AF240FD0073E266 /* SellCategory.m */,
				59204BA61AF240FD0073E266 /* PurchaseCategory.h */,
				59204BA71AF240FD0073E266 /* PurchaseCategory.m */,
				59204BA81AF240FD0073E266 /* Request.h */,
				59204BA91AF240FD0073E266 /* Request.m */,
				59204BAA1AF240FD0073E266 /* SendRequestCategory.h */,
				59204BAB1AF240FD0073E266 /* SendRequestCategory.m */,
				59204BAC1AF240FD0073E266 /* ReceiveRequestCategory.h */,
				59204BAD1AF240FD0073E266 /* ReceiveRequestCategory.m */,
			);
			name = Model;
			sourceTree = "<group>";
		};
		59204BB61AF243620073E266 /* Controller */ = {
			isa = PBXGroup;
			children = (
				59CE9F2C1AE055D90028E6AB /* Main.storyboard */,
				59204BB71AF24AC70073E266 /* LoginViewController.h */,
				59204BB81AF24AC70073E266 /* LoginViewController.m */,
				59204BBA1AF250140073E266 /* SignupViewController.h */,
				59204BBB1AF250140073E266 /* SignupViewController.m */,
				59204BBD1AF2E1AB0073E266 /* mainViewController.h */,
				59204BBE1AF2E1AB0073E266 /* mainViewController.m */,
				59204BC01AF2F0EF0073E266 /* PurchaseTableViewController.h */,
				59204BC11AF2F0EF0073E266 /* PurchaseTableViewController.m */,
				5943DD6C1AF3B69C003F9E33 /* BookTableViewController.h */,
				5943DD6D1AF3B69C003F9E33 /* BookTableViewController.m */,
				5943DD6F1AF3B820003F9E33 /* SellerTableViewController.h */,
				5943DD701AF3B820003F9E33 /* SellerTableViewController.m */,
				59204BC31AF327C10073E266 /* SellViewController.h */,
				59204BC41AF327C10073E266 /* SellViewController.m */,
				59204BCC1AF3623D0073E266 /* PicViewController.h */,
				59204BCD1AF3623D0073E266 /* PicViewController.m */,
				59204BC61AF35B4D0073E266 /* RequestTableViewController.h */,
				59204BC71AF35B4D0073E266 /* RequestTableViewController.m */,
				5934911C1AF41C8E00FE5F55 /* RequestListViewController.h */,
				5934911D1AF41C8E00FE5F55 /* RequestListViewController.m */,
				5997472A1AF42BD500AD9A0A /* ReceiveRequestViewController.h */,
				5997472B1AF42BD500AD9A0A /* ReceiveRequestViewController.m */,
				5980AE061AF432CC0005176B /* ViewSendController.h */,
				5980AE071AF432CC0005176B /* ViewSendController.m */,
				5980AE091AF434E40005176B /* ViewReceiveController.h */,
				5980AE0A1AF434E40005176B /* ViewReceiveController.m */,
				59204BC91AF35B630073E266 /* MeTableViewController.h */,
				59204BCA1AF35B630073E266 /* MeTableViewController.m */,
				5929DD7E1AF458C9004EBD51 /* purchaseHistoryTableViewController.h */,
				5929DD7F1AF458C9004EBD51 /* purchaseHistoryTableViewController.m */,
				5929DD841AF462FF004EBD51 /* PurchaseDetailTableViewController.h */,
				5929DD851AF462FF004EBD51 /* PurchaseDetailTableViewController.m */,
				5929DD811AF458E2004EBD51 /* sellHistoryTableViewController.h */,
				5929DD821AF458E2004EBD51 /* sellHistoryTableViewController.m */,
				5929DD871AF473B3004EBD51 /* SellDetailTableViewController.h */,
				5929DD881AF473B3004EBD51 /* SellDetailTableViewController.m */,
			);
			name = Controller;
			sourceTree = "<group>";
		};
		59CE9F0E1AE055D80028E6AB = {
			isa = PBXGroup;
			children = (
				59CE9F201AE055D90028E6AB /* FinalProject_Jinmeng_Zhu */,
				59CE9F421AE055D90028E6AB /* FinalProject_Jinmeng_ZhuTests */,
				59CE9F191AE055D90028E6AB /* Frameworks */,
				59CE9F181AE055D90028E6AB /* Products */,
			);
			sourceTree = "<group>";
		};
		59CE9F181AE055D90028E6AB /* Products */ = {
			isa = PBXGroup;
			children = (
				59CE9F171AE055D90028E6AB /* FinalProject_Jinmeng_Zhu.app */,
				59CE9F3B1AE055D90028E6AB /* FinalProject_Jinmeng_ZhuTests.xctest */,
			);
			name = Products;
			sourceTree = "<group>";
		};
		59CE9F191AE055D90028E6AB /* Frameworks */ = {
			isa = PBXGroup;
			children = (
				59CE9F1A1AE055D90028E6AB /* Foundation.framework */,
				59CE9F1C1AE055D90028E6AB /* CoreGraphics.framework */,
				59CE9F1E1AE055D90028E6AB /* UIKit.framework */,
				59CE9F3C1AE055D90028E6AB /* XCTest.framework */,
			);
			name = Frameworks;
			sourceTree = "<group>";
		};
		59CE9F201AE055D90028E6AB /* FinalProject_Jinmeng_Zhu */ = {
			isa = PBXGroup;
			children = (
				59CE9F291AE055D90028E6AB /* AppDelegate.h */,
				59CE9F2A1AE055D90028E6AB /* AppDelegate.m */,
				59204BB61AF243620073E266 /* Controller */,
				59204B9D1AF240C00073E266 /* Model */,
				59CE9F351AE055D90028E6AB /* Images.xcassets */,
				59CE9F211AE055D90028E6AB /* Supporting Files */,
			);
			path = FinalProject_Jinmeng_Zhu;
			sourceTree = "<group>";
		};
		59CE9F211AE055D90028E6AB /* Supporting Files */ = {
			isa = PBXGroup;
			children = (
				59CE9F221AE055D90028E6AB /* FinalProject_Jinmeng_Zhu-Info.plist */,
				59CE9F231AE055D90028E6AB /* InfoPlist.strings */,
				59CE9F261AE055D90028E6AB /* main.m */,
				59CE9F281AE055D90028E6AB /* FinalProject_Jinmeng_Zhu-Prefix.pch */,
			);
			name = "Supporting Files";
			sourceTree = "<group>";
		};
		59CE9F421AE055D90028E6AB /* FinalProject_Jinmeng_ZhuTests */ = {
			isa = PBXGroup;
			children = (
				59CE9F481AE055D90028E6AB /* FinalProject_Jinmeng_ZhuTests.m */,
				59CE9F431AE055D90028E6AB /* Supporting Files */,
			);
			path = FinalProject_Jinmeng_ZhuTests;
			sourceTree = "<group>";
		};
		59CE9F431AE055D90028E6AB /* Supporting Files */ = {
			isa = PBXGroup;
			children = (
				59CE9F441AE055D90028E6AB /* FinalProject_Jinmeng_ZhuTests-Info.plist */,
				59CE9F451AE055D90028E6AB /* InfoPlist.strings */,
			);
			name = "Supporting Files";
			sourceTree = "<group>";
		};
/* End PBXGroup section */

/* Begin PBXNativeTarget section */
		59CE9F161AE055D90028E6AB /* FinalProject_Jinmeng_Zhu */ = {
			isa = PBXNativeTarget;
			buildConfigurationList = 59CE9F4C1AE055D90028E6AB /* Build configuration list for PBXNativeTarget "FinalProject_Jinmeng_Zhu" */;
			buildPhases = (
				59CE9F131AE055D90028E6AB /* Sources */,
				59CE9F141AE055D90028E6AB /* Frameworks */,
				59CE9F151AE055D90028E6AB /* Resources */,
			);
			buildRules = (
			);
			dependencies = (
			);
			name = FinalProject_Jinmeng_Zhu;
			productName = FinalProject_Jinmeng_Zhu;
			productReference = 59CE9F171AE055D90028E6AB /* FinalProject_Jinmeng_Zhu.app */;
			productType = "com.apple.product-type.application";
		};
		59CE9F3A1AE055D90028E6AB /* FinalProject_Jinmeng_ZhuTests */ = {
			isa = PBXNativeTarget;
			buildConfigurationList = 59CE9F4F1AE055D90028E6AB /* Build configuration list for PBXNativeTarget "FinalProject_Jinmeng_ZhuTests" */;
			buildPhases = (
				59CE9F371AE055D90028E6AB /* Sources */,
				59CE9F381AE055D90028E6AB /* Frameworks */,
				59CE9F391AE055D90028E6AB /* Resources */,
			);
			buildRules = (
			);
			dependencies = (
				59CE9F411AE055D90028E6AB /* PBXTargetDependency */,
			);
			name = FinalProject_Jinmeng_ZhuTests;
			productName = FinalProject_Jinmeng_ZhuTests;
			productReference = 59CE9F3B1AE055D90028E6AB /* FinalProject_Jinmeng_ZhuTests.xctest */;
			productType = "com.apple.product-type.bundle.unit-test";
		};
/* End PBXNativeTarget section */

/* Begin PBXProject section */
		59CE9F0F1AE055D80028E6AB /* Project object */ = {
			isa = PBXProject;
			attributes = {
				LastUpgradeCheck = 0510;
				ORGANIZATIONNAME = JINMENG_ZHU;
				TargetAttributes = {
					59CE9F3A1AE055D90028E6AB = {
						TestTargetID = 59CE9F161AE055D90028E6AB;
					};
				};
			};
			buildConfigurationList = 59CE9F121AE055D80028E6AB /* Build configuration list for PBXProject "FinalProject_Jinmeng_Zhu" */;
			compatibilityVersion = "Xcode 3.2";
			developmentRegion = English;
			hasScannedForEncodings = 0;
			knownRegions = (
				en,
				Base,
			);
			mainGroup = 59CE9F0E1AE055D80028E6AB;
			productRefGroup = 59CE9F181AE055D90028E6AB /* Products */;
			projectDirPath = "";
			projectRoot = "";
			targets = (
				59CE9F161AE055D90028E6AB /* FinalProject_Jinmeng_Zhu */,
				59CE9F3A1AE055D90028E6AB /* FinalProject_Jinmeng_ZhuTests */,
			);
		};
/* End PBXProject section */

/* Begin PBXResourcesBuildPhase section */
		59CE9F151AE055D90028E6AB /* Resources */ = {
			isa = PBXResourcesBuildPhase;
			buildActionMask = 2147483647;
			files = (
				59CE9F361AE055D90028E6AB /* Images.xcassets in Resources */,
				59CE9F251AE055D90028E6AB /* InfoPlist.strings in Resources */,
				59CE9F2E1AE055D90028E6AB /* Main.storyboard in Resources */,
			);
			runOnlyForDeploymentPostprocessing = 0;
		};
		59CE9F391AE055D90028E6AB /* Resources */ = {
			isa = PBXResourcesBuildPhase;
			buildActionMask = 2147483647;
			files = (
				59CE9F471AE055D90028E6AB /* InfoPlist.strings in Resources */,
			);
			runOnlyForDeploymentPostprocessing = 0;
		};
/* End PBXResourcesBuildPhase section */

/* Begin PBXSourcesBuildPhase section */
		59CE9F131AE055D90028E6AB /* Sources */ = {
			isa = PBXSourcesBuildPhase;
			buildActionMask = 2147483647;
			files = (
				5997472C1AF42BD500AD9A0A /* ReceiveRequestViewController.m in Sources */,
				5943DD711AF3B820003F9E33 /* SellerTableViewController.m in Sources */,
				5929DD831AF458E2004EBD51 /* sellHistoryTableViewController.m in Sources */,
				59204BAE1AF240FD0073E266 /* User.m in Sources */,
				5929DD861AF462FF004EBD51 /* PurchaseDetailTableViewController.m in Sources */,
				59204BB51AF240FD0073E266 /* ReceiveRequestCategory.m in Sources */,
				59204BB31AF240FD0073E266 /* Request.m in Sources */,
				5980AE081AF432CC0005176B /* ViewSendController.m in Sources */,
				59204BCB1AF35B630073E266 /* MeTableViewController.m in Sources */,
				59204BC51AF327C10073E266 /* SellViewController.m in Sources */,
				59204BB41AF240FD0073E266 /* SendRequestCategory.m in Sources */,
				5929DD801AF458C9004EBD51 /* purchaseHistoryTableViewController.m in Sources */,
				59204BAF1AF240FD0073E266 /* UserCategory.m in Sources */,
				5943DD6E1AF3B69C003F9E33 /* BookTableViewController.m in Sources */,
				59204BB21AF240FD0073E266 /* PurchaseCategory.m in Sources */,
				59204BC81AF35B4D0073E266 /* RequestTableViewController.m in Sources */,
				59204BC21AF2F0EF0073E266 /* PurchaseTableViewController.m in Sources */,
				59204BBC1AF250140073E266 /* SignupViewController.m in Sources */,
				59CE9F2B1AE055D90028E6AB /* AppDelegate.m in Sources */,
				59204BB01AF240FD0073E266 /* Book.m in Sources */,
				5929DD891AF473B3004EBD51 /* SellDetailTableViewController.m in Sources */,
				59204BCE1AF3623D0073E266 /* PicViewController.m in Sources */,
				5934911E1AF41C8E00FE5F55 /* RequestListViewController.m in Sources */,
				59CE9F271AE055D90028E6AB /* main.m in Sources */,
				5980AE0B1AF434E40005176B /* ViewReceiveController.m in Sources */,
				59204BBF1AF2E1AB0073E266 /* mainViewController.m in Sources */,
				59204BB91AF24AC70073E266 /* LoginViewController.m in Sources */,
				59204BB11AF240FD0073E266 /* SellCategory.m in Sources */,
			);
			runOnlyForDeploymentPostprocessing = 0;
		};
		59CE9F371AE055D90028E6AB /* Sources */ = {
			isa = PBXSourcesBuildPhase;
			buildActionMask = 2147483647;
			files = (
				59CE9F491AE055D90028E6AB /* FinalProject_Jinmeng_ZhuTests.m in Sources */,
			);
			runOnlyForDeploymentPostprocessing = 0;
		};
/* End PBXSourcesBuildPhase section */

/* Begin PBXTargetDependency section */
		59CE9F411AE055D90028E6AB /* PBXTargetDependency */ = {
			isa = PBXTargetDependency;
			target = 59CE9F161AE055D90028E6AB /* FinalProject_Jinmeng_Zhu */;
			targetProxy = 59CE9F401AE055D90028E6AB /* PBXContainerItemProxy */;
		};
/* End PBXTargetDependency section */

/* Begin PBXVariantGroup section */
		59CE9F231AE055D90028E6AB /* InfoPlist.strings */ = {
			isa = PBXVariantGroup;
			children = (
				59CE9F241AE055D90028E6AB /* en */,
			);
			name = InfoPlist.strings;
			sourceTree = "<group>";
		};
		59CE9F2C1AE055D90028E6AB /* Main.storyboard */ = {
			isa = PBXVariantGroup;
			children = (
				59CE9F2D1AE055D90028E6AB /* Base */,
			);
			name = Main.storyboard;
			sourceTree = "<group>";
		};
		59CE9F451AE055D90028E6AB /* InfoPlist.strings */ = {
			isa = PBXVariantGroup;
			children = (
				59CE9F461AE055D90028E6AB /* en */,
			);
			name = InfoPlist.strings;
			sourceTree = "<group>";
		};
/* End PBXVariantGroup section */

/* Begin XCBuildConfiguration section */
		59CE9F4A1AE055D90028E6AB /* Debug */ = {
			isa = XCBuildConfiguration;
			buildSettings = {
				ALWAYS_SEARCH_USER_PATHS = NO;
				CLANG_CXX_LANGUAGE_STANDARD = "gnu++0x";
				CLANG_CXX_LIBRARY = "libc++";
				CLANG_ENABLE_MODULES = YES;
				CLANG_ENABLE_OBJC_ARC = YES;
				CLANG_WARN_BOOL_CONVERSION = YES;
				CLANG_WARN_CONSTANT_CONVERSION = YES;
				CLANG_WARN_DIRECT_OBJC_ISA_USAGE = YES_ERROR;
				CLANG_WARN_EMPTY_BODY = YES;
				CLANG_WARN_ENUM_CONVERSION = YES;
				CLANG_WARN_INT_CONVERSION = YES;
				CLANG_WARN_OBJC_ROOT_CLASS = YES_ERROR;
				CLANG_WARN__DUPLICATE_METHOD_MATCH = YES;
				"CODE_SIGN_IDENTITY[sdk=iphoneos*]" = "iPhone Developer";
				COPY_PHASE_STRIP = NO;
				GCC_C_LANGUAGE_STANDARD = gnu99;
				GCC_DYNAMIC_NO_PIC = NO;
				GCC_OPTIMIZATION_LEVEL = 0;
				GCC_PREPROCESSOR_DEFINITIONS = (
					"DEBUG=1",
					"$(inherited)",
				);
				GCC_SYMBOLS_PRIVATE_EXTERN = NO;
				GCC_WARN_64_TO_32_BIT_CONVERSION = YES;
				GCC_WARN_ABOUT_RETURN_TYPE = YES_ERROR;
				GCC_WARN_UNDECLARED_SELECTOR = YES;
				GCC_WARN_UNINITIALIZED_AUTOS = YES_AGGRESSIVE;
				GCC_WARN_UNUSED_FUNCTION = YES;
				GCC_WARN_UNUSED_VARIABLE = YES;
				IPHONEOS_DEPLOYMENT_TARGET = 7.1;
				ONLY_ACTIVE_ARCH = YES;
				SDKROOT = iphoneos;
			};
			name = Debug;
		};
		59CE9F4B1AE055D90028E6AB /* Release */ = {
			isa = XCBuildConfiguration;
			buildSettings = {
				ALWAYS_SEARCH_USER_PATHS = NO;
				CLANG_CXX_LANGUAGE_STANDARD = "gnu++0x";
				CLANG_CXX_LIBRARY = "libc++";
				CLANG_ENABLE_MODULES = YES;
				CLANG_ENABLE_OBJC_ARC = YES;
				CLANG_WARN_BOOL_CONVERSION = YES;
				CLANG_WARN_CONSTANT_CONVERSION = YES;
				CLANG_WARN_DIRECT_OBJC_ISA_USAGE = YES_ERROR;
				CLANG_WARN_EMPTY_BODY = YES;
				CLANG_WARN_ENUM_CONVERSION = YES;
				CLANG_WARN_INT_CONVERSION = YES;
				CLANG_WARN_OBJC_ROOT_CLASS = YES_ERROR;
				CLANG_WARN__DUPLICATE_METHOD_MATCH = YES;
				"CODE_SIGN_IDENTITY[sdk=iphoneos*]" = "iPhone Developer";
				COPY_PHASE_STRIP = YES;
				ENABLE_NS_ASSERTIONS = NO;
				GCC_C_LANGUAGE_STANDARD = gnu99;
				GCC_WARN_64_TO_32_BIT_CONVERSION = YES;
				GCC_WARN_ABOUT_RETURN_TYPE = YES_ERROR;
				GCC_WARN_UNDECLARED_SELECTOR = YES;
				GCC_WARN_UNINITIALIZED_AUTOS = YES_AGGRESSIVE;
				GCC_WARN_UNUSED_FUNCTION = YES;
				GCC_WARN_UNUSED_VARIABLE = YES;
				IPHONEOS_DEPLOYMENT_TARGET = 7.1;
				SDKROOT = iphoneos;
				VALIDATE_PRODUCT = YES;
			};
			name = Release;
		};
		59CE9F4D1AE055D90028E6AB /* Debug */ = {
			isa = XCBuildConfiguration;
			buildSettings = {
				ASSETCATALOG_COMPILER_APPICON_NAME = AppIcon;
				ASSETCATALOG_COMPILER_LAUNCHIMAGE_NAME = LaunchImage;
				GCC_PRECOMPILE_PREFIX_HEADER = YES;
				GCC_PREFIX_HEADER = "FinalProject_Jinmeng_Zhu/FinalProject_Jinmeng_Zhu-Prefix.pch";
				INFOPLIST_FILE = "FinalProject_Jinmeng_Zhu/FinalProject_Jinmeng_Zhu-Info.plist";
				PRODUCT_NAME = "$(TARGET_NAME)";
				WRAPPER_EXTENSION = app;
			};
			name = Debug;
		};
		59CE9F4E1AE055D90028E6AB /* Release */ = {
			isa = XCBuildConfiguration;
			buildSettings = {
				ASSETCATALOG_COMPILER_APPICON_NAME = AppIcon;
				ASSETCATALOG_COMPILER_LAUNCHIMAGE_NAME = LaunchImage;
				GCC_PRECOMPILE_PREFIX_HEADER = YES;
				GCC_PREFIX_HEADER = "FinalProject_Jinmeng_Zhu/FinalProject_Jinmeng_Zhu-Prefix.pch";
				INFOPLIST_FILE = "FinalProject_Jinmeng_Zhu/FinalProject_Jinmeng_Zhu-Info.plist";
				PRODUCT_NAME = "$(TARGET_NAME)";
				WRAPPER_EXTENSION = app;
			};
			name = Release;
		};
		59CE9F501AE055D90028E6AB /* Debug */ = {
			isa = XCBuildConfiguration;
			buildSettings = {
				BUNDLE_LOADER = "$(BUILT_PRODUCTS_DIR)/FinalProject_Jinmeng_Zhu.app/FinalProject_Jinmeng_Zhu";
				FRAMEWORK_SEARCH_PATHS = (
					"$(SDKROOT)/Developer/Library/Frameworks",
					"$(inherited)",
					"$(DEVELOPER_FRAMEWORKS_DIR)",
				);
				GCC_PRECOMPILE_PREFIX_HEADER = YES;
				GCC_PREFIX_HEADER = "FinalProject_Jinmeng_Zhu/FinalProject_Jinmeng_Zhu-Prefix.pch";
				GCC_PREPROCESSOR_DEFINITIONS = (
					"DEBUG=1",
					"$(inherited)",
				);
				INFOPLIST_FILE = "FinalProject_Jinmeng_ZhuTests/FinalProject_Jinmeng_ZhuTests-Info.plist";
				PRODUCT_NAME = "$(TARGET_NAME)";
				TEST_HOST = "$(BUNDLE_LOADER)";
				WRAPPER_EXTENSION = xctest;
			};
			name = Debug;
		};
		59CE9F511AE055D90028E6AB /* Release */ = {
			isa = XCBuildConfiguration;
			buildSettings = {
				BUNDLE_LOADER = "$(BUILT_PRODUCTS_DIR)/FinalProject_Jinmeng_Zhu.app/FinalProject_Jinmeng_Zhu";
				FRAMEWORK_SEARCH_PATHS = (
					"$(SDKROOT)/Developer/Library/Frameworks",
					"$(inherited)",
					"$(DEVELOPER_FRAMEWORKS_DIR)",
				);
				GCC_PRECOMPILE_PREFIX_HEADER = YES;
				GCC_PREFIX_HEADER = "FinalProject_Jinmeng_Zhu/FinalProject_Jinmeng_Zhu-Prefix.pch";
				INFOPLIST_FILE = "FinalProject_Jinmeng_ZhuTests/FinalProject_Jinmeng_ZhuTests-Info.plist";
				PRODUCT_NAME = "$(TARGET_NAME)";
				TEST_HOST = "$(BUNDLE_LOADER)";
				WRAPPER_EXTENSION = xctest;
			};
			name = Release;
		};
/* End XCBuildConfiguration section */

/* Begin XCConfigurationList section */
		59CE9F121AE055D80028E6AB /* Build configuration list for PBXProject "FinalProject_Jinmeng_Zhu" */ = {
			isa = XCConfigurationList;
			buildConfigurations = (
				59CE9F4A1AE055D90028E6AB /* Debug */,
				59CE9F4B1AE055D90028E6AB /* Release */,
			);
			defaultConfigurationIsVisible = 0;
			defaultConfigurationName = Release;
		};
		59CE9F4C1AE055D90028E6AB /* Build configuration list for PBXNativeTarget "FinalProject_Jinmeng_Zhu" */ = {
			isa = XCConfigurationList;
			buildConfigurations = (
				59CE9F4D1AE055D90028E6AB /* Debug */,
				59CE9F4E1AE055D90028E6AB /* Release */,
			);
			defaultConfigurationIsVisible = 0;
			defaultConfigurationName = Release;
		};
		59CE9F4F1AE055D90028E6AB /* Build configuration list for PBXNativeTarget "FinalProject_Jinmeng_ZhuTests" */ = {
			isa = XCConfigurationList;
			buildConfigurations = (
				59CE9F501AE055D90028E6AB /* Debug */,
				59CE9F511AE055D90028E6AB /* Release */,
			);
			defaultConfigurationIsVisible = 0;
			defaultConfigurationName = Release;
		};
/* End XCConfigurationList section */
	};
	rootObject = 59CE9F0F1AE055D80028E6AB /* Project object */;
}
